
Microsoft Visual Studio Solution File, Format Version 11.00
# Visual Studio 2010
Project("{2150E333-8FDC-42A3-9474-1A3956D46DE8}") = "baselibc", "baselibc", "{CCF6F56F-AED4-4C37-8083-4DB74B3F4455}"
EndProject
Project("{2150E333-8FDC-42A3-9474-1A3956D46DE8}") = "utils", "utils", "{AFFD22EC-F60F-4B11-ABA1-615024D78291}"
EndProject
Project("{8BC9CEB8-8B4A-11D0-8D11-00A0C91BC942}") = "encrypt", "utils\encrypt\encrypt.vcxproj", "{90D0BF4F-61EE-479A-AAE2-E8AC5A16E497}"
EndProject
Project("{8BC9CEB8-8B4A-11D0-8D11-00A0C91BC942}") = "tinyxml", "utils\tinyxml\tinyxml.vcxproj", "{DA32E2CD-EA9E-4E43-A072-A9AF10FE758D}"
EndProject
Project("{8BC9CEB8-8B4A-11D0-8D11-00A0C91BC942}") = "lzma", "utils\lzma\lzma.vcxproj", "{FE68C7BB-E62A-4585-9CDD-859652C386A7}"
EndProject
Project("{8BC9CEB8-8B4A-11D0-8D11-00A0C91BC942}") = "share_common", "baselibc\share_common\share_common.vcxproj", "{D85E5552-5FE2-4F4C-812D-C2C41B3B2234}"
EndProject
Project("{8BC9CEB8-8B4A-11D0-8D11-00A0C91BC942}") = "share_socket", "baselibc\share_socket\share_socket.vcxproj", "{45C9F065-4130-4474-97D2-62CC883E71A9}"
EndProject
Project("{8BC9CEB8-8B4A-11D0-8D11-00A0C91BC942}") = "share_coroutine", "baselibc\share_coroutine\share_coroutine.vcxproj", "{797AD118-B571-4924-A3B5-3EE3B0D53906}"
EndProject
Project("{8BC9CEB8-8B4A-11D0-8D11-00A0C91BC942}") = "coro_webagent", "net_proxy\coro_webagent\coro_webagent.vcxproj", "{FD6EFB31-83D6-47C4-B076-7A4219429769}"
EndProject
Project("{2150E333-8FDC-42A3-9474-1A3956D46DE8}") = "net_proxy", "net_proxy", "{3D7E184A-08E4-4971-AD3D-0C5C4FD31447}"
EndProject
Project("{2150E333-8FDC-42A3-9474-1A3956D46DE8}") = "im_chat", "im_chat", "{DF9ED478-9F1B-4FD1-8A47-83AF9F635D12}"
EndProject
Project("{8BC9CEB8-8B4A-11D0-8D11-00A0C91BC942}") = "connector", "im_chat\connector\connector.vcxproj", "{7AE39C49-037A-4050-9944-60FEEF506204}"
EndProject
Project("{8BC9CEB8-8B4A-11D0-8D11-00A0C91BC942}") = "dbagent", "im_chat\dbagent\dbagent.vcxproj", "{0E942827-5FD2-4D6D-AAAA-D6E5E7AB3C92}"
EndProject
Project("{8BC9CEB8-8B4A-11D0-8D11-00A0C91BC942}") = "logic", "im_chat\logic\logic.vcxproj", "{E157570F-22A4-4A0B-93C3-9E62B2244366}"
EndProject
Project("{8BC9CEB8-8B4A-11D0-8D11-00A0C91BC942}") = "router", "im_chat\router\router.vcxproj", "{0319B899-4E80-40C1-90A7-5ECC2265109A}"
EndProject
Project("{8BC9CEB8-8B4A-11D0-8D11-00A0C91BC942}") = "status", "im_chat\status\status.vcxproj", "{41855CFA-2FC8-4868-B79C-2708C55AE6DA}"
EndProject
Project("{8BC9CEB8-8B4A-11D0-8D11-00A0C91BC942}") = "share_shmpool", "baselibc\share_shmpool\share_shmpool.vcxproj", "{7D0E9CE7-2BA8-4153-B293-F094A77783A2}"
EndProject
Project("{2150E333-8FDC-42A3-9474-1A3956D46DE8}") = "baseframe", "baseframe", "{E14BCE79-0706-4AEA-8672-2AC99271B183}"
EndProject
Project("{8BC9CEB8-8B4A-11D0-8D11-00A0C91BC942}") = "baseframe", "baseframe\baseframe.vcxproj", "{216D03E7-C59D-4308-ACC7-32D933818285}"
EndProject
Global
	GlobalSection(SolutionConfigurationPlatforms) = preSolution
		Debug|Win32 = Debug|Win32
		Release|Win32 = Release|Win32
	EndGlobalSection
	GlobalSection(ProjectConfigurationPlatforms) = postSolution
		{90D0BF4F-61EE-479A-AAE2-E8AC5A16E497}.Debug|Win32.ActiveCfg = Debug|Win32
		{90D0BF4F-61EE-479A-AAE2-E8AC5A16E497}.Debug|Win32.Build.0 = Debug|Win32
		{90D0BF4F-61EE-479A-AAE2-E8AC5A16E497}.Release|Win32.ActiveCfg = Release|Win32
		{90D0BF4F-61EE-479A-AAE2-E8AC5A16E497}.Release|Win32.Build.0 = Release|Win32
		{DA32E2CD-EA9E-4E43-A072-A9AF10FE758D}.Debug|Win32.ActiveCfg = Debug|Win32
		{DA32E2CD-EA9E-4E43-A072-A9AF10FE758D}.Debug|Win32.Build.0 = Debug|Win32
		{DA32E2CD-EA9E-4E43-A072-A9AF10FE758D}.Release|Win32.ActiveCfg = Release|Win32
		{DA32E2CD-EA9E-4E43-A072-A9AF10FE758D}.Release|Win32.Build.0 = Release|Win32
		{FE68C7BB-E62A-4585-9CDD-859652C386A7}.Debug|Win32.ActiveCfg = Debug|Win32
		{FE68C7BB-E62A-4585-9CDD-859652C386A7}.Debug|Win32.Build.0 = Debug|Win32
		{FE68C7BB-E62A-4585-9CDD-859652C386A7}.Release|Win32.ActiveCfg = Release|Win32
		{FE68C7BB-E62A-4585-9CDD-859652C386A7}.Release|Win32.Build.0 = Release|Win32
		{D85E5552-5FE2-4F4C-812D-C2C41B3B2234}.Debug|Win32.ActiveCfg = Debug|Win32
		{D85E5552-5FE2-4F4C-812D-C2C41B3B2234}.Debug|Win32.Build.0 = Debug|Win32
		{D85E5552-5FE2-4F4C-812D-C2C41B3B2234}.Release|Win32.ActiveCfg = Release|Win32
		{D85E5552-5FE2-4F4C-812D-C2C41B3B2234}.Release|Win32.Build.0 = Release|Win32
		{45C9F065-4130-4474-97D2-62CC883E71A9}.Debug|Win32.ActiveCfg = Debug|Win32
		{45C9F065-4130-4474-97D2-62CC883E71A9}.Debug|Win32.Build.0 = Debug|Win32
		{45C9F065-4130-4474-97D2-62CC883E71A9}.Release|Win32.ActiveCfg = Release|Win32
		{45C9F065-4130-4474-97D2-62CC883E71A9}.Release|Win32.Build.0 = Release|Win32
		{797AD118-B571-4924-A3B5-3EE3B0D53906}.Debug|Win32.ActiveCfg = Debug|Win32
		{797AD118-B571-4924-A3B5-3EE3B0D53906}.Debug|Win32.Build.0 = Debug|Win32
		{797AD118-B571-4924-A3B5-3EE3B0D53906}.Release|Win32.ActiveCfg = Release|Win32
		{797AD118-B571-4924-A3B5-3EE3B0D53906}.Release|Win32.Build.0 = Release|Win32
		{FD6EFB31-83D6-47C4-B076-7A4219429769}.Debug|Win32.ActiveCfg = Debug|Win32
		{FD6EFB31-83D6-47C4-B076-7A4219429769}.Debug|Win32.Build.0 = Debug|Win32
		{FD6EFB31-83D6-47C4-B076-7A4219429769}.Release|Win32.ActiveCfg = Release|Win32
		{FD6EFB31-83D6-47C4-B076-7A4219429769}.Release|Win32.Build.0 = Release|Win32
		{7AE39C49-037A-4050-9944-60FEEF506204}.Debug|Win32.ActiveCfg = Debug|Win32
		{7AE39C49-037A-4050-9944-60FEEF506204}.Debug|Win32.Build.0 = Debug|Win32
		{7AE39C49-037A-4050-9944-60FEEF506204}.Release|Win32.ActiveCfg = Release|Win32
		{7AE39C49-037A-4050-9944-60FEEF506204}.Release|Win32.Build.0 = Release|Win32
		{0E942827-5FD2-4D6D-AAAA-D6E5E7AB3C92}.Debug|Win32.ActiveCfg = Debug|Win32
		{0E942827-5FD2-4D6D-AAAA-D6E5E7AB3C92}.Debug|Win32.Build.0 = Debug|Win32
		{0E942827-5FD2-4D6D-AAAA-D6E5E7AB3C92}.Release|Win32.ActiveCfg = Release|Win32
		{0E942827-5FD2-4D6D-AAAA-D6E5E7AB3C92}.Release|Win32.Build.0 = Release|Win32
		{E157570F-22A4-4A0B-93C3-9E62B2244366}.Debug|Win32.ActiveCfg = Debug|Win32
		{E157570F-22A4-4A0B-93C3-9E62B2244366}.Debug|Win32.Build.0 = Debug|Win32
		{E157570F-22A4-4A0B-93C3-9E62B2244366}.Release|Win32.ActiveCfg = Release|Win32
		{E157570F-22A4-4A0B-93C3-9E62B2244366}.Release|Win32.Build.0 = Release|Win32
		{0319B899-4E80-40C1-90A7-5ECC2265109A}.Debug|Win32.ActiveCfg = Debug|Win32
		{0319B899-4E80-40C1-90A7-5ECC2265109A}.Debug|Win32.Build.0 = Debug|Win32
		{0319B899-4E80-40C1-90A7-5ECC2265109A}.Release|Win32.ActiveCfg = Release|Win32
		{0319B899-4E80-40C1-90A7-5ECC2265109A}.Release|Win32.Build.0 = Release|Win32
		{41855CFA-2FC8-4868-B79C-2708C55AE6DA}.Debug|Win32.ActiveCfg = Debug|Win32
		{41855CFA-2FC8-4868-B79C-2708C55AE6DA}.Debug|Win32.Build.0 = Debug|Win32
		{41855CFA-2FC8-4868-B79C-2708C55AE6DA}.Release|Win32.ActiveCfg = Release|Win32
		{41855CFA-2FC8-4868-B79C-2708C55AE6DA}.Release|Win32.Build.0 = Release|Win32
		{7D0E9CE7-2BA8-4153-B293-F094A77783A2}.Debug|Win32.ActiveCfg = Debug|Win32
		{7D0E9CE7-2BA8-4153-B293-F094A77783A2}.Debug|Win32.Build.0 = Debug|Win32
		{7D0E9CE7-2BA8-4153-B293-F094A77783A2}.Release|Win32.ActiveCfg = Release|Win32
		{7D0E9CE7-2BA8-4153-B293-F094A77783A2}.Release|Win32.Build.0 = Release|Win32
		{216D03E7-C59D-4308-ACC7-32D933818285}.Debug|Win32.ActiveCfg = Debug|Win32
		{216D03E7-C59D-4308-ACC7-32D933818285}.Debug|Win32.Build.0 = Debug|Win32
		{216D03E7-C59D-4308-ACC7-32D933818285}.Release|Win32.ActiveCfg = Release|Win32
		{216D03E7-C59D-4308-ACC7-32D933818285}.Release|Win32.Build.0 = Release|Win32
	EndGlobalSection
	GlobalSection(SolutionProperties) = preSolution
		HideSolutionNode = FALSE
	EndGlobalSection
	GlobalSection(NestedProjects) = preSolution
		{D85E5552-5FE2-4F4C-812D-C2C41B3B2234} = {CCF6F56F-AED4-4C37-8083-4DB74B3F4455}
		{45C9F065-4130-4474-97D2-62CC883E71A9} = {CCF6F56F-AED4-4C37-8083-4DB74B3F4455}
		{797AD118-B571-4924-A3B5-3EE3B0D53906} = {CCF6F56F-AED4-4C37-8083-4DB74B3F4455}
		{7D0E9CE7-2BA8-4153-B293-F094A77783A2} = {CCF6F56F-AED4-4C37-8083-4DB74B3F4455}
		{90D0BF4F-61EE-479A-AAE2-E8AC5A16E497} = {AFFD22EC-F60F-4B11-ABA1-615024D78291}
		{DA32E2CD-EA9E-4E43-A072-A9AF10FE758D} = {AFFD22EC-F60F-4B11-ABA1-615024D78291}
		{FE68C7BB-E62A-4585-9CDD-859652C386A7} = {AFFD22EC-F60F-4B11-ABA1-615024D78291}
		{FD6EFB31-83D6-47C4-B076-7A4219429769} = {3D7E184A-08E4-4971-AD3D-0C5C4FD31447}
		{7AE39C49-037A-4050-9944-60FEEF506204} = {DF9ED478-9F1B-4FD1-8A47-83AF9F635D12}
		{0E942827-5FD2-4D6D-AAAA-D6E5E7AB3C92} = {DF9ED478-9F1B-4FD1-8A47-83AF9F635D12}
		{E157570F-22A4-4A0B-93C3-9E62B2244366} = {DF9ED478-9F1B-4FD1-8A47-83AF9F635D12}
		{0319B899-4E80-40C1-90A7-5ECC2265109A} = {DF9ED478-9F1B-4FD1-8A47-83AF9F635D12}
		{41855CFA-2FC8-4868-B79C-2708C55AE6DA} = {DF9ED478-9F1B-4FD1-8A47-83AF9F635D12}
		{216D03E7-C59D-4308-ACC7-32D933818285} = {E14BCE79-0706-4AEA-8672-2AC99271B183}
	EndGlobalSection
EndGlobal
