
Microsoft Visual Studio Solution File, Format Version 11.00
# Visual Studio 2010
Project("{2150E333-8FDC-42A3-9474-1A3956D46DE8}") = "baselibc", "baselibc", "{CCF6F56F-AED4-4C37-8083-4DB74B3F4455}"
EndProject
Project("{2150E333-8FDC-42A3-9474-1A3956D46DE8}") = "myapp", "myapp", "{DF9ED478-9F1B-4FD1-8A47-83AF9F635D12}"
EndProject
Project("{8BC9CEB8-8B4A-11D0-8D11-00A0C91BC942}") = "hc_utils", "baselibc\hc_utils\hc_utils.vcxproj", "{D85E5552-5FE2-4F4C-812D-C2C41B3B2234}"
EndProject
Project("{8BC9CEB8-8B4A-11D0-8D11-00A0C91BC942}") = "hc_socket", "baselibc\hc_socket\hc_socket.vcxproj", "{45C9F065-4130-4474-97D2-62CC883E71A9}"
EndProject
Project("{8BC9CEB8-8B4A-11D0-8D11-00A0C91BC942}") = "py27extend", "myapp\py27extend\py27extend.vcxproj", "{2C0EBFE5-3D17-4D8A-8FA4-4861A60685B2}"
EndProject
Project("{8BC9CEB8-8B4A-11D0-8D11-00A0C91BC942}") = "hc_py27embed", "baselibc\hc_py27embed\hc_py27embed.vcxproj", "{4E99A334-13D5-4164-92A6-CB16A77F09B2}"
EndProject
Global
	GlobalSection(SolutionConfigurationPlatforms) = preSolution
		Debug|Win32 = Debug|Win32
		Release|Win32 = Release|Win32
	EndGlobalSection
	GlobalSection(ProjectConfigurationPlatforms) = postSolution
		{D85E5552-5FE2-4F4C-812D-C2C41B3B2234}.Debug|Win32.ActiveCfg = Debug|Win32
		{D85E5552-5FE2-4F4C-812D-C2C41B3B2234}.Debug|Win32.Build.0 = Debug|Win32
		{D85E5552-5FE2-4F4C-812D-C2C41B3B2234}.Release|Win32.ActiveCfg = Release|Win32
		{D85E5552-5FE2-4F4C-812D-C2C41B3B2234}.Release|Win32.Build.0 = Release|Win32
		{45C9F065-4130-4474-97D2-62CC883E71A9}.Debug|Win32.ActiveCfg = Debug|Win32
		{45C9F065-4130-4474-97D2-62CC883E71A9}.Debug|Win32.Build.0 = Debug|Win32
		{45C9F065-4130-4474-97D2-62CC883E71A9}.Release|Win32.ActiveCfg = Release|Win32
		{45C9F065-4130-4474-97D2-62CC883E71A9}.Release|Win32.Build.0 = Release|Win32
		{2C0EBFE5-3D17-4D8A-8FA4-4861A60685B2}.Debug|Win32.ActiveCfg = Debug|Win32
		{2C0EBFE5-3D17-4D8A-8FA4-4861A60685B2}.Debug|Win32.Build.0 = Debug|Win32
		{2C0EBFE5-3D17-4D8A-8FA4-4861A60685B2}.Release|Win32.ActiveCfg = Release|Win32
		{2C0EBFE5-3D17-4D8A-8FA4-4861A60685B2}.Release|Win32.Build.0 = Release|Win32
		{4E99A334-13D5-4164-92A6-CB16A77F09B2}.Debug|Win32.ActiveCfg = Debug|Win32
		{4E99A334-13D5-4164-92A6-CB16A77F09B2}.Debug|Win32.Build.0 = Debug|Win32
		{4E99A334-13D5-4164-92A6-CB16A77F09B2}.Release|Win32.ActiveCfg = Release|Win32
		{4E99A334-13D5-4164-92A6-CB16A77F09B2}.Release|Win32.Build.0 = Release|Win32
	EndGlobalSection
	GlobalSection(SolutionProperties) = preSolution
		HideSolutionNode = FALSE
	EndGlobalSection
	GlobalSection(NestedProjects) = preSolution
		{D85E5552-5FE2-4F4C-812D-C2C41B3B2234} = {CCF6F56F-AED4-4C37-8083-4DB74B3F4455}
		{45C9F065-4130-4474-97D2-62CC883E71A9} = {CCF6F56F-AED4-4C37-8083-4DB74B3F4455}
		{4E99A334-13D5-4164-92A6-CB16A77F09B2} = {CCF6F56F-AED4-4C37-8083-4DB74B3F4455}
		{2C0EBFE5-3D17-4D8A-8FA4-4861A60685B2} = {DF9ED478-9F1B-4FD1-8A47-83AF9F635D12}
	EndGlobalSection
EndGlobal
